
Microsoft Visual Studio Solution File, Format Version 12.00
# Visual Studio 2013
VisualStudioVersion = 12.0.21005.1
MinimumVisualStudioVersion = 10.0.40219.1
Project("{FAE04EC0-301F-11D3-BF4B-00C04F79EFBC}") = "NCKU_DORM_FORM", "NCKU_DORM_FORM\NCKU_DORM_FORM.csproj", "{2DA02E31-F319-4E01-8734-927A1C01041B}"
EndProject
Global
	GlobalSection(SolutionConfigurationPlatforms) = preSolution
		Debug|Any CPU = Debug|Any CPU
		Release|Any CPU = Release|Any CPU
	EndGlobalSection
	GlobalSection(ProjectConfigurationPlatforms) = postSolution
		{2DA02E31-F319-4E01-8734-927A1C01041B}.Debug|Any CPU.ActiveCfg = Debug|Any CPU
		{2DA02E31-F319-4E01-8734-927A1C01041B}.Debug|Any CPU.Build.0 = Debug|Any CPU
		{2DA02E31-F319-4E01-8734-927A1C01041B}.Release|Any CPU.ActiveCfg = Release|Any CPU
		{2DA02E31-F319-4E01-8734-927A1C01041B}.Release|Any CPU.Build.0 = Release|Any CPU
	EndGlobalSection
	GlobalSection(SolutionProperties) = preSolution
		HideSolutionNode = FALSE
	EndGlobalSection
EndGlobal
